
Microsoft Visual Studio Solution File, Format Version 12.00
# Visual Studio Version 17
VisualStudioVersion = 17.9.34902.65
MinimumVisualStudioVersion = 10.0.40219.1
Project("{FAE04EC0-301F-11D3-BF4B-00C04F79EFBC}") = "PrukoguiWebApp", "PrukoguiWebApp.csproj", "{214F43DB-C88F-45F6-881B-7E81C9160FA1}"
EndProject
Global
	GlobalSection(SolutionConfigurationPlatforms) = preSolution
		Debug|Any CPU = Debug|Any CPU
		Release|Any CPU = Release|Any CPU
	EndGlobalSection
	GlobalSection(ProjectConfigurationPlatforms) = postSolution
		{214F43DB-C88F-45F6-881B-7E81C9160FA1}.Debug|Any CPU.ActiveCfg = Debug|Any CPU
		{214F43DB-C88F-45F6-881B-7E81C9160FA1}.Debug|Any CPU.Build.0 = Debug|Any CPU
		{214F43DB-C88F-45F6-881B-7E81C9160FA1}.Release|Any CPU.ActiveCfg = Release|Any CPU
		{214F43DB-C88F-45F6-881B-7E81C9160FA1}.Release|Any CPU.Build.0 = Release|Any CPU
	EndGlobalSection
	GlobalSection(SolutionProperties) = preSolution
		HideSolutionNode = FALSE
	EndGlobalSection
	GlobalSection(ExtensibilityGlobals) = postSolution
		SolutionGuid = {8CD35EFB-4DF7-4CF5-BA92-DF0568461C96}
	EndGlobalSection
EndGlobal
